
Microsoft Visual Studio Solution File, Format Version 12.00
# Visual Studio Version 16
VisualStudioVersion = 16.0.30907.101
MinimumVisualStudioVersion = 10.0.40219.1
Project("{9A19103F-16F7-4668-BE54-9A1E7A4F7556}") = "EFCodeFirstMVCProject", "EFCodeFirstMVCProject\EFCodeFirstMVCProject.csproj", "{56C49331-8AAA-42B3-AB77-C67B90ABF733}"
EndProject
Project("{FAE04EC0-301F-11D3-BF4B-00C04F79EFBC}") = "UnitTestCompany", "UnitTestCompany\UnitTestCompany.csproj", "{7D9A1CF5-D800-4EC9-AA5B-2641146D2B28}"
EndProject
Global
	GlobalSection(SolutionConfigurationPlatforms) = preSolution
		Debug|Any CPU = Debug|Any CPU
		Release|Any CPU = Release|Any CPU
	EndGlobalSection
	GlobalSection(ProjectConfigurationPlatforms) = postSolution
		{56C49331-8AAA-42B3-AB77-C67B90ABF733}.Debug|Any CPU.ActiveCfg = Debug|Any CPU
		{56C49331-8AAA-42B3-AB77-C67B90ABF733}.Debug|Any CPU.Build.0 = Debug|Any CPU
		{56C49331-8AAA-42B3-AB77-C67B90ABF733}.Release|Any CPU.ActiveCfg = Release|Any CPU
		{56C49331-8AAA-42B3-AB77-C67B90ABF733}.Release|Any CPU.Build.0 = Release|Any CPU
		{7D9A1CF5-D800-4EC9-AA5B-2641146D2B28}.Debug|Any CPU.ActiveCfg = Debug|Any CPU
		{7D9A1CF5-D800-4EC9-AA5B-2641146D2B28}.Debug|Any CPU.Build.0 = Debug|Any CPU
		{7D9A1CF5-D800-4EC9-AA5B-2641146D2B28}.Release|Any CPU.ActiveCfg = Release|Any CPU
		{7D9A1CF5-D800-4EC9-AA5B-2641146D2B28}.Release|Any CPU.Build.0 = Release|Any CPU
	EndGlobalSection
	GlobalSection(SolutionProperties) = preSolution
		HideSolutionNode = FALSE
	EndGlobalSection
	GlobalSection(ExtensibilityGlobals) = postSolution
		SolutionGuid = {B75B9673-B049-455B-95C6-86644D79005A}
	EndGlobalSection
EndGlobal
