
Microsoft Visual Studio Solution File, Format Version 12.00
# Visual Studio Version 16
VisualStudioVersion = 16.0.30907.101
MinimumVisualStudioVersion = 10.0.40219.1
Project("{FAE04EC0-301F-11D3-BF4B-00C04F79EFBC}") = "SwaggerExampleProject", "SwaggerExampleProject\SwaggerExampleProject.csproj", "{02D1BA2F-BA5E-43F6-A341-5824F3E7D9B2}"
EndProject
Global
	GlobalSection(SolutionConfigurationPlatforms) = preSolution
		Debug|Any CPU = Debug|Any CPU
		Release|Any CPU = Release|Any CPU
	EndGlobalSection
	GlobalSection(ProjectConfigurationPlatforms) = postSolution
		{02D1BA2F-BA5E-43F6-A341-5824F3E7D9B2}.Debug|Any CPU.ActiveCfg = Debug|Any CPU
		{02D1BA2F-BA5E-43F6-A341-5824F3E7D9B2}.Debug|Any CPU.Build.0 = Debug|Any CPU
		{02D1BA2F-BA5E-43F6-A341-5824F3E7D9B2}.Release|Any CPU.ActiveCfg = Release|Any CPU
		{02D1BA2F-BA5E-43F6-A341-5824F3E7D9B2}.Release|Any CPU.Build.0 = Release|Any CPU
	EndGlobalSection
	GlobalSection(SolutionProperties) = preSolution
		HideSolutionNode = FALSE
	EndGlobalSection
	GlobalSection(ExtensibilityGlobals) = postSolution
		SolutionGuid = {B7A32A29-55BB-40F2-9784-32748FE243FC}
	EndGlobalSection
EndGlobal
