
Microsoft Visual Studio Solution File, Format Version 12.00
# Visual Studio Version 16
VisualStudioVersion = 16.0.30907.101
MinimumVisualStudioVersion = 10.0.40219.1
Project("{FAE04EC0-301F-11D3-BF4B-00C04F79EFBC}") = "TransportManagementFEProject", "TransportManagementFEProject\TransportManagementFEProject.csproj", "{E56CCCB0-A518-451D-A47C-636452A8B76E}"
EndProject
Project("{FAE04EC0-301F-11D3-BF4B-00C04F79EFBC}") = "TranportManagementBLLibrary", "TranportManagementBLLibrary\TranportManagementBLLibrary.csproj", "{3BB94948-37D5-4164-8F54-288A02AF546D}"
EndProject
Global
	GlobalSection(SolutionConfigurationPlatforms) = preSolution
		Debug|Any CPU = Debug|Any CPU
		Release|Any CPU = Release|Any CPU
	EndGlobalSection
	GlobalSection(ProjectConfigurationPlatforms) = postSolution
		{E56CCCB0-A518-451D-A47C-636452A8B76E}.Debug|Any CPU.ActiveCfg = Debug|Any CPU
		{E56CCCB0-A518-451D-A47C-636452A8B76E}.Debug|Any CPU.Build.0 = Debug|Any CPU
		{E56CCCB0-A518-451D-A47C-636452A8B76E}.Release|Any CPU.ActiveCfg = Release|Any CPU
		{E56CCCB0-A518-451D-A47C-636452A8B76E}.Release|Any CPU.Build.0 = Release|Any CPU
		{3BB94948-37D5-4164-8F54-288A02AF546D}.Debug|Any CPU.ActiveCfg = Debug|Any CPU
		{3BB94948-37D5-4164-8F54-288A02AF546D}.Debug|Any CPU.Build.0 = Debug|Any CPU
		{3BB94948-37D5-4164-8F54-288A02AF546D}.Release|Any CPU.ActiveCfg = Release|Any CPU
		{3BB94948-37D5-4164-8F54-288A02AF546D}.Release|Any CPU.Build.0 = Release|Any CPU
	EndGlobalSection
	GlobalSection(SolutionProperties) = preSolution
		HideSolutionNode = FALSE
	EndGlobalSection
	GlobalSection(ExtensibilityGlobals) = postSolution
		SolutionGuid = {A3459247-0769-4FB1-80F4-0E92EE112643}
	EndGlobalSection
EndGlobal
